
Microsoft Visual Studio Solution File, Format Version 12.00
# Visual Studio Version 17
VisualStudioVersion = 17.4.33213.308
MinimumVisualStudioVersion = 10.0.40219.1
Project("{FAE04EC0-301F-11D3-BF4B-00C04F79EFBC}") = "ConsoleApp1", "ConsoleApp1.csproj", "{C79FE90A-88B7-46D2-B23B-118B153A45FA}"
EndProject
Global
	GlobalSection(SolutionConfigurationPlatforms) = preSolution
		Debug|Any CPU = Debug|Any CPU
		Release|Any CPU = Release|Any CPU
	EndGlobalSection
	GlobalSection(ProjectConfigurationPlatforms) = postSolution
		{C79FE90A-88B7-46D2-B23B-118B153A45FA}.Debug|Any CPU.ActiveCfg = Debug|Any CPU
		{C79FE90A-88B7-46D2-B23B-118B153A45FA}.Debug|Any CPU.Build.0 = Debug|Any CPU
		{C79FE90A-88B7-46D2-B23B-118B153A45FA}.Release|Any CPU.ActiveCfg = Release|Any CPU
		{C79FE90A-88B7-46D2-B23B-118B153A45FA}.Release|Any CPU.Build.0 = Release|Any CPU
	EndGlobalSection
	GlobalSection(SolutionProperties) = preSolution
		HideSolutionNode = FALSE
	EndGlobalSection
	GlobalSection(ExtensibilityGlobals) = postSolution
		SolutionGuid = {0BE58D75-03BD-40E1-ADD0-ABABE87BBCD5}
	EndGlobalSection
EndGlobal
